
Microsoft Visual Studio Solution File, Format Version 12.00
# Visual Studio Version 17
VisualStudioVersion = 17.5.002.0
MinimumVisualStudioVersion = 10.0.40219.1
Project("{9A19103F-16F7-4668-BE54-9A1E7A4F7556}") = "API", "API.csproj", "{5DBA444B-46FF-4E4C-9029-4CC7BB1EA6FB}"
EndProject
Global
	GlobalSection(SolutionConfigurationPlatforms) = preSolution
		Debug|Any CPU = Debug|Any CPU
		Release|Any CPU = Release|Any CPU
	EndGlobalSection
	GlobalSection(ProjectConfigurationPlatforms) = postSolution
		{5DBA444B-46FF-4E4C-9029-4CC7BB1EA6FB}.Debug|Any CPU.ActiveCfg = Debug|Any CPU
		{5DBA444B-46FF-4E4C-9029-4CC7BB1EA6FB}.Debug|Any CPU.Build.0 = Debug|Any CPU
		{5DBA444B-46FF-4E4C-9029-4CC7BB1EA6FB}.Release|Any CPU.ActiveCfg = Release|Any CPU
		{5DBA444B-46FF-4E4C-9029-4CC7BB1EA6FB}.Release|Any CPU.Build.0 = Release|Any CPU
	EndGlobalSection
	GlobalSection(SolutionProperties) = preSolution
		HideSolutionNode = FALSE
	EndGlobalSection
	GlobalSection(ExtensibilityGlobals) = postSolution
		SolutionGuid = {A75CE6F1-B443-45AA-9B58-1AD29E7C40A5}
	EndGlobalSection
EndGlobal
